
Microsoft Visual Studio Solution File, Format Version 12.00
# Visual Studio 15
VisualStudioVersion = 15.0.26430.16
MinimumVisualStudioVersion = 10.0.40219.1
Project("{FAE04EC0-301F-11D3-BF4B-00C04F79EFBC}") = "matias-console.net", "matias-console.net\matias-console.net.csproj", "{BB958349-F261-4276-8CF9-86F1B22E6A47}"
EndProject
Project("{FAE04EC0-301F-11D3-BF4B-00C04F79EFBC}") = "common-matias.net", "common-matias.net\common-matias.net.csproj", "{44252377-F802-481F-8949-FC2E072D8500}"
EndProject
Project("{54435603-DBB4-11D2-8724-00A0C9A8B90C}") = "MatiasInstaller", "MatiasInstaller\MatiasInstaller.vdproj", "{2D58FB12-2583-410B-BFBA-6FB5255BE546}"
EndProject
Global
	GlobalSection(SolutionConfigurationPlatforms) = preSolution
		Debug|Any CPU = Debug|Any CPU
		Debug|x86 = Debug|x86
		Release|Any CPU = Release|Any CPU
		Release|x86 = Release|x86
	EndGlobalSection
	GlobalSection(ProjectConfigurationPlatforms) = postSolution
		{BB958349-F261-4276-8CF9-86F1B22E6A47}.Debug|Any CPU.ActiveCfg = Debug|Any CPU
		{BB958349-F261-4276-8CF9-86F1B22E6A47}.Debug|Any CPU.Build.0 = Debug|Any CPU
		{BB958349-F261-4276-8CF9-86F1B22E6A47}.Debug|x86.ActiveCfg = Debug|Any CPU
		{BB958349-F261-4276-8CF9-86F1B22E6A47}.Debug|x86.Build.0 = Debug|Any CPU
		{BB958349-F261-4276-8CF9-86F1B22E6A47}.Release|Any CPU.ActiveCfg = Release|Any CPU
		{BB958349-F261-4276-8CF9-86F1B22E6A47}.Release|Any CPU.Build.0 = Release|Any CPU
		{BB958349-F261-4276-8CF9-86F1B22E6A47}.Release|x86.ActiveCfg = Release|Any CPU
		{BB958349-F261-4276-8CF9-86F1B22E6A47}.Release|x86.Build.0 = Release|Any CPU
		{44252377-F802-481F-8949-FC2E072D8500}.Debug|Any CPU.ActiveCfg = Debug|Any CPU
		{44252377-F802-481F-8949-FC2E072D8500}.Debug|Any CPU.Build.0 = Debug|Any CPU
		{44252377-F802-481F-8949-FC2E072D8500}.Debug|x86.ActiveCfg = Debug|Any CPU
		{44252377-F802-481F-8949-FC2E072D8500}.Debug|x86.Build.0 = Debug|Any CPU
		{44252377-F802-481F-8949-FC2E072D8500}.Release|Any CPU.ActiveCfg = Release|Any CPU
		{44252377-F802-481F-8949-FC2E072D8500}.Release|Any CPU.Build.0 = Release|Any CPU
		{44252377-F802-481F-8949-FC2E072D8500}.Release|x86.ActiveCfg = Release|Any CPU
		{44252377-F802-481F-8949-FC2E072D8500}.Release|x86.Build.0 = Release|Any CPU
		{2D58FB12-2583-410B-BFBA-6FB5255BE546}.Debug|Any CPU.ActiveCfg = Debug
		{2D58FB12-2583-410B-BFBA-6FB5255BE546}.Debug|x86.ActiveCfg = Debug
		{2D58FB12-2583-410B-BFBA-6FB5255BE546}.Debug|x86.Build.0 = Debug
		{2D58FB12-2583-410B-BFBA-6FB5255BE546}.Release|Any CPU.ActiveCfg = Release
		{2D58FB12-2583-410B-BFBA-6FB5255BE546}.Release|x86.ActiveCfg = Release
		{2D58FB12-2583-410B-BFBA-6FB5255BE546}.Release|x86.Build.0 = Release
	EndGlobalSection
	GlobalSection(SolutionProperties) = preSolution
		HideSolutionNode = FALSE
	EndGlobalSection
EndGlobal
